
Microsoft Visual Studio Solution File, Format Version 12.00
# Visual Studio Version 16
VisualStudioVersion = 16.0.29519.181
MinimumVisualStudioVersion = 10.0.40219.1
Project("{FAE04EC0-301F-11D3-BF4B-00C04F79EFBC}") = "assignment2", "assignment2\assignment2.csproj", "{313DB907-8A4F-4C83-961D-65E80B45799D}"
EndProject
Project("{FAE04EC0-301F-11D3-BF4B-00C04F79EFBC}") = "assignment2_test", "assignment2_test\assignment2_test.csproj", "{995E479F-94A2-4BC7-96D9-F372FE9569E2}"
EndProject
Global
	GlobalSection(SolutionConfigurationPlatforms) = preSolution
		Debug|Any CPU = Debug|Any CPU
		Release|Any CPU = Release|Any CPU
	EndGlobalSection
	GlobalSection(ProjectConfigurationPlatforms) = postSolution
		{313DB907-8A4F-4C83-961D-65E80B45799D}.Debug|Any CPU.ActiveCfg = Debug|Any CPU
		{313DB907-8A4F-4C83-961D-65E80B45799D}.Debug|Any CPU.Build.0 = Debug|Any CPU
		{313DB907-8A4F-4C83-961D-65E80B45799D}.Release|Any CPU.ActiveCfg = Release|Any CPU
		{313DB907-8A4F-4C83-961D-65E80B45799D}.Release|Any CPU.Build.0 = Release|Any CPU
		{995E479F-94A2-4BC7-96D9-F372FE9569E2}.Debug|Any CPU.ActiveCfg = Debug|Any CPU
		{995E479F-94A2-4BC7-96D9-F372FE9569E2}.Debug|Any CPU.Build.0 = Debug|Any CPU
		{995E479F-94A2-4BC7-96D9-F372FE9569E2}.Release|Any CPU.ActiveCfg = Release|Any CPU
		{995E479F-94A2-4BC7-96D9-F372FE9569E2}.Release|Any CPU.Build.0 = Release|Any CPU
	EndGlobalSection
	GlobalSection(SolutionProperties) = preSolution
		HideSolutionNode = FALSE
	EndGlobalSection
	GlobalSection(ExtensibilityGlobals) = postSolution
		SolutionGuid = {427CCC9E-8C8E-4041-8C29-8B406D249FA6}
	EndGlobalSection
EndGlobal
