
Microsoft Visual Studio Solution File, Format Version 12.00
# Visual Studio Version 16
VisualStudioVersion = 16.0.29519.181
MinimumVisualStudioVersion = 10.0.40219.1
Project("{FAE04EC0-301F-11D3-BF4B-00C04F79EFBC}") = "throwaway", "throwaway\throwaway.csproj", "{3CC438E5-7EBF-4E4B-A85C-53DA3D144117}"
EndProject
Global
	GlobalSection(SolutionConfigurationPlatforms) = preSolution
		Debug|Any CPU = Debug|Any CPU
		Release|Any CPU = Release|Any CPU
	EndGlobalSection
	GlobalSection(ProjectConfigurationPlatforms) = postSolution
		{3CC438E5-7EBF-4E4B-A85C-53DA3D144117}.Debug|Any CPU.ActiveCfg = Debug|Any CPU
		{3CC438E5-7EBF-4E4B-A85C-53DA3D144117}.Debug|Any CPU.Build.0 = Debug|Any CPU
		{3CC438E5-7EBF-4E4B-A85C-53DA3D144117}.Release|Any CPU.ActiveCfg = Release|Any CPU
		{3CC438E5-7EBF-4E4B-A85C-53DA3D144117}.Release|Any CPU.Build.0 = Release|Any CPU
	EndGlobalSection
	GlobalSection(SolutionProperties) = preSolution
		HideSolutionNode = FALSE
	EndGlobalSection
	GlobalSection(ExtensibilityGlobals) = postSolution
		SolutionGuid = {C323D83B-7306-44A6-B603-DA60D4CEF76F}
	EndGlobalSection
EndGlobal
