
Microsoft Visual Studio Solution File, Format Version 12.00
# Visual Studio Version 16
VisualStudioVersion = 16.0.29519.181
MinimumVisualStudioVersion = 10.0.40219.1
Project("{FAE04EC0-301F-11D3-BF4B-00C04F79EFBC}") = "Hospital", "Hospital\Hospital.csproj", "{F6FD6B9F-F21C-46FC-B89C-D617C7EBEEB6}"
EndProject
Global
	GlobalSection(SolutionConfigurationPlatforms) = preSolution
		Debug|Any CPU = Debug|Any CPU
		Release|Any CPU = Release|Any CPU
	EndGlobalSection
	GlobalSection(ProjectConfigurationPlatforms) = postSolution
		{F6FD6B9F-F21C-46FC-B89C-D617C7EBEEB6}.Debug|Any CPU.ActiveCfg = Debug|Any CPU
		{F6FD6B9F-F21C-46FC-B89C-D617C7EBEEB6}.Debug|Any CPU.Build.0 = Debug|Any CPU
		{F6FD6B9F-F21C-46FC-B89C-D617C7EBEEB6}.Release|Any CPU.ActiveCfg = Release|Any CPU
		{F6FD6B9F-F21C-46FC-B89C-D617C7EBEEB6}.Release|Any CPU.Build.0 = Release|Any CPU
	EndGlobalSection
	GlobalSection(SolutionProperties) = preSolution
		HideSolutionNode = FALSE
	EndGlobalSection
	GlobalSection(ExtensibilityGlobals) = postSolution
		SolutionGuid = {DA1DF01F-DA7F-4EB5-882F-41197B920D05}
	EndGlobalSection
EndGlobal
