
Microsoft Visual Studio Solution File, Format Version 12.00
# Visual Studio Version 16
VisualStudioVersion = 16.0.29519.181
MinimumVisualStudioVersion = 10.0.40219.1
Project("{9A19103F-16F7-4668-BE54-9A1E7A4F7556}") = "MedicationAPI", "MedicationAPI\MedicationAPI.csproj", "{40791F6A-5CD6-4820-9613-DCFF740B962F}"
EndProject
Project("{FAE04EC0-301F-11D3-BF4B-00C04F79EFBC}") = "MedicationAPITest", "MedicationAPITest\MedicationAPITest.csproj", "{DEE64870-5DA4-45C2-8346-C3EB4052382B}"
EndProject
Global
	GlobalSection(SolutionConfigurationPlatforms) = preSolution
		Debug|Any CPU = Debug|Any CPU
		Release|Any CPU = Release|Any CPU
	EndGlobalSection
	GlobalSection(ProjectConfigurationPlatforms) = postSolution
		{40791F6A-5CD6-4820-9613-DCFF740B962F}.Debug|Any CPU.ActiveCfg = Debug|Any CPU
		{40791F6A-5CD6-4820-9613-DCFF740B962F}.Debug|Any CPU.Build.0 = Debug|Any CPU
		{40791F6A-5CD6-4820-9613-DCFF740B962F}.Release|Any CPU.ActiveCfg = Release|Any CPU
		{40791F6A-5CD6-4820-9613-DCFF740B962F}.Release|Any CPU.Build.0 = Release|Any CPU
		{DEE64870-5DA4-45C2-8346-C3EB4052382B}.Debug|Any CPU.ActiveCfg = Debug|Any CPU
		{DEE64870-5DA4-45C2-8346-C3EB4052382B}.Debug|Any CPU.Build.0 = Debug|Any CPU
		{DEE64870-5DA4-45C2-8346-C3EB4052382B}.Release|Any CPU.ActiveCfg = Release|Any CPU
		{DEE64870-5DA4-45C2-8346-C3EB4052382B}.Release|Any CPU.Build.0 = Release|Any CPU
	EndGlobalSection
	GlobalSection(SolutionProperties) = preSolution
		HideSolutionNode = FALSE
	EndGlobalSection
	GlobalSection(ExtensibilityGlobals) = postSolution
		SolutionGuid = {043411DA-23E5-489D-B011-1836BFD4FDB8}
	EndGlobalSection
EndGlobal
