
Microsoft Visual Studio Solution File, Format Version 12.00
# Visual Studio Version 16
VisualStudioVersion = 16.0.29519.181
MinimumVisualStudioVersion = 10.0.40219.1
Project("{FAE04EC0-301F-11D3-BF4B-00C04F79EFBC}") = "movie_tracker_wf", "movie_tracker_wf\movie_tracker_wf.csproj", "{C5A063DB-DB17-4F8F-ABEE-159D25924701}"
EndProject
Project("{2150E333-8FDC-42A3-9474-1A3956D46DE8}") = "Solution Items", "Solution Items", "{E351B2EC-30C0-4D1E-989A-FD95595F09FD}"
	ProjectSection(SolutionItems) = preProject
		.editorconfig = .editorconfig
	EndProjectSection
EndProject
Global
	GlobalSection(SolutionConfigurationPlatforms) = preSolution
		Debug|Any CPU = Debug|Any CPU
		Release|Any CPU = Release|Any CPU
	EndGlobalSection
	GlobalSection(ProjectConfigurationPlatforms) = postSolution
		{C5A063DB-DB17-4F8F-ABEE-159D25924701}.Debug|Any CPU.ActiveCfg = Debug|Any CPU
		{C5A063DB-DB17-4F8F-ABEE-159D25924701}.Debug|Any CPU.Build.0 = Debug|Any CPU
		{C5A063DB-DB17-4F8F-ABEE-159D25924701}.Release|Any CPU.ActiveCfg = Release|Any CPU
		{C5A063DB-DB17-4F8F-ABEE-159D25924701}.Release|Any CPU.Build.0 = Release|Any CPU
	EndGlobalSection
	GlobalSection(SolutionProperties) = preSolution
		HideSolutionNode = FALSE
	EndGlobalSection
	GlobalSection(ExtensibilityGlobals) = postSolution
		SolutionGuid = {7298EB0F-0EEB-46CD-B376-335DAD73F742}
	EndGlobalSection
EndGlobal
